// !$*UTF8*$!
{
	archiveVersion = 1;
	classes = {
	};
	objectVersion = 50;
	objects = {

/* Begin PBXBuildFile section */
		B274E86A225E3D3400F88A7E /* Plane.swift in Sources */ = {isa = PBXBuildFile; fileRef = B274E869225E3D3400F88A7E /* Plane.swift */; };
		B284C10522F18FA7001A122B /* Baker1.swift in Sources */ = {isa = PBXBuildFile; fileRef = B284C10422F18FA7001A122B /* Baker1.swift */; };
		B284C10722F18FF6001A122B /* MeshData.swift in Sources */ = {isa = PBXBuildFile; fileRef = B284C10622F18FF6001A122B /* MeshData.swift */; };
		B285298522FF2EEC004E2DE9 /* train-color.png in Resources */ = {isa = PBXBuildFile; fileRef = B285298422FF2EEC004E2DE9 /* train-color.png */; };
		B2A10D8A22DBA82300136D5B /* hw.usda in Resources */ = {isa = PBXBuildFile; fileRef = B2A10D8922DBA82300136D5B /* hw.usda */; };
		B2A10D8C22DBAAB200136D5B /* simpleMaterial.usdz in Resources */ = {isa = PBXBuildFile; fileRef = B2A10D8B22DBAAB200136D5B /* simpleMaterial.usdz */; };
		B2A6D08E22525260000FBB54 /* AppDelegate.swift in Sources */ = {isa = PBXBuildFile; fileRef = B2A6D08D22525260000FBB54 /* AppDelegate.swift */; };
		B2A6D09122525260000FBB54 /* Renderer.swift in Sources */ = {isa = PBXBuildFile; fileRef = B2A6D09022525260000FBB54 /* Renderer.swift */; };
		B2A6D09322525260000FBB54 /* ViewController.swift in Sources */ = {isa = PBXBuildFile; fileRef = B2A6D09222525260000FBB54 /* ViewController.swift */; };
		B2A6D09522525260000FBB54 /* Shaders.metal in Sources */ = {isa = PBXBuildFile; fileRef = B2A6D09422525260000FBB54 /* Shaders.metal */; };
		B2A6D09822525260000FBB54 /* Main.storyboard in Resources */ = {isa = PBXBuildFile; fileRef = B2A6D09622525260000FBB54 /* Main.storyboard */; };
		B2A6D09A22525260000FBB54 /* Assets.xcassets in Resources */ = {isa = PBXBuildFile; fileRef = B2A6D09922525260000FBB54 /* Assets.xcassets */; };
		B2A6D09D22525260000FBB54 /* LaunchScreen.storyboard in Resources */ = {isa = PBXBuildFile; fileRef = B2A6D09B22525260000FBB54 /* LaunchScreen.storyboard */; };
		B2A6D0A92252531C000FBB54 /* RendererExtension.swift in Sources */ = {isa = PBXBuildFile; fileRef = B2A6D0A52252531C000FBB54 /* RendererExtension.swift */; };
		B2A6D0AA2252531C000FBB54 /* DebugLights.swift in Sources */ = {isa = PBXBuildFile; fileRef = B2A6D0A62252531C000FBB54 /* DebugLights.swift */; };
		B2A6D0AB2252531C000FBB54 /* DebugLights.metal in Sources */ = {isa = PBXBuildFile; fileRef = B2A6D0A72252531C000FBB54 /* DebugLights.metal */; };
		B2A6D0AC2252531C000FBB54 /* MathLibrary.swift in Sources */ = {isa = PBXBuildFile; fileRef = B2A6D0A82252531C000FBB54 /* MathLibrary.swift */; };
		B2A6D0B322525353000FBB54 /* Primitive.swift in Sources */ = {isa = PBXBuildFile; fileRef = B2A6D0AD22525352000FBB54 /* Primitive.swift */; };
		B2A6D0B422525353000FBB54 /* Camera.swift in Sources */ = {isa = PBXBuildFile; fileRef = B2A6D0AE22525353000FBB54 /* Camera.swift */; };
		B2A6D0B622525353000FBB54 /* Submesh.swift in Sources */ = {isa = PBXBuildFile; fileRef = B2A6D0B022525353000FBB54 /* Submesh.swift */; };
		B2A6D0B722525353000FBB54 /* Model.swift in Sources */ = {isa = PBXBuildFile; fileRef = B2A6D0B122525353000FBB54 /* Model.swift */; };
		B2A6D0B822525353000FBB54 /* Node.swift in Sources */ = {isa = PBXBuildFile; fileRef = B2A6D0B222525353000FBB54 /* Node.swift */; };
		B2A6D0BE225253AA000FBB54 /* treefir.mtl in Resources */ = {isa = PBXBuildFile; fileRef = B2A6D0BA225253AA000FBB54 /* treefir.mtl */; };
		B2A6D0BF225253AA000FBB54 /* train.obj in Resources */ = {isa = PBXBuildFile; fileRef = B2A6D0BB225253AA000FBB54 /* train.obj */; };
		B2A6D0C0225253AA000FBB54 /* treefir.obj in Resources */ = {isa = PBXBuildFile; fileRef = B2A6D0BC225253AA000FBB54 /* treefir.obj */; };
		B2A6D0C1225253AA000FBB54 /* train.mtl in Resources */ = {isa = PBXBuildFile; fileRef = B2A6D0BD225253AA000FBB54 /* train.mtl */; };
		B2A6D0C322525486000FBB54 /* ViewControllerExtension.swift in Sources */ = {isa = PBXBuildFile; fileRef = B2A6D0C222525486000FBB54 /* ViewControllerExtension.swift */; };
		B2A6D0C82252581C000FBB54 /* Ray.swift in Sources */ = {isa = PBXBuildFile; fileRef = B2A6D0C72252581C000FBB54 /* Ray.swift */; };
		B2A6D0CA22525827000FBB54 /* HitResult.swift in Sources */ = {isa = PBXBuildFile; fileRef = B2A6D0C922525827000FBB54 /* HitResult.swift */; };
		B2A6D0CC225321E0000FBB54 /* Scene.swift in Sources */ = {isa = PBXBuildFile; fileRef = B2A6D0CB225321E0000FBB54 /* Scene.swift */; };
		B2A6D0CE225375B2000FBB54 /* BoundingSphere.swift in Sources */ = {isa = PBXBuildFile; fileRef = B2A6D0CD225375B2000FBB54 /* BoundingSphere.swift */; };
		B2A6D0D02253C606000FBB54 /* ModelIOExtensions.swift in Sources */ = {isa = PBXBuildFile; fileRef = B2A6D0CF2253C606000FBB54 /* ModelIOExtensions.swift */; };
		B2A6D0D32254BC8A000FBB54 /* DebugBoundingSphere.swift in Sources */ = {isa = PBXBuildFile; fileRef = B2A6D0D12254BC8A000FBB54 /* DebugBoundingSphere.swift */; };
		B2A6D0D42254BC8A000FBB54 /* DebugBoundingBox.metal in Sources */ = {isa = PBXBuildFile; fileRef = B2A6D0D22254BC8A000FBB54 /* DebugBoundingBox.metal */; };
		B2B696CD22B6C5E4002A78CE /* flower_tulip.usdz in Resources */ = {isa = PBXBuildFile; fileRef = B2B696CC22B6C5E4002A78CE /* flower_tulip.usdz */; };
		B2B696D122B92717002A78CE /* Character.swift in Sources */ = {isa = PBXBuildFile; fileRef = B2B696D022B92717002A78CE /* Character.swift */; };
		B2B696E122B94586002A78CE /* car3_car_MAT_Roughness.png in Resources */ = {isa = PBXBuildFile; fileRef = B2B696D322B94586002A78CE /* car3_car_MAT_Roughness.png */; };
		B2B696E222B94586002A78CE /* toy_drummer.usdz in Resources */ = {isa = PBXBuildFile; fileRef = B2B696D422B94586002A78CE /* toy_drummer.usdz */; };
		B2B696E322B94586002A78CE /* road.png in Resources */ = {isa = PBXBuildFile; fileRef = B2B696D522B94586002A78CE /* road.png */; };
		B2B696E422B94586002A78CE /* car3_car_MAT_Normal.png in Resources */ = {isa = PBXBuildFile; fileRef = B2B696D622B94586002A78CE /* car3_car_MAT_Normal.png */; };
		B2B696E522B94586002A78CE /* car3_car_MAT_Metallic.png in Resources */ = {isa = PBXBuildFile; fileRef = B2B696D722B94586002A78CE /* car3_car_MAT_Metallic.png */; };
		B2B696E622B94586002A78CE /* tireWall_redShape.png in Resources */ = {isa = PBXBuildFile; fileRef = B2B696D822B94586002A78CE /* tireWall_redShape.png */; };
		B2B696E722B94586002A78CE /* Pit_bottomShape.png in Resources */ = {isa = PBXBuildFile; fileRef = B2B696D922B94586002A78CE /* Pit_bottomShape.png */; };
		B2B696E822B94586002A78CE /* grass.png in Resources */ = {isa = PBXBuildFile; fileRef = B2B696DA22B94586002A78CE /* grass.png */; };
		B2B696E922B94586002A78CE /* sky.png in Resources */ = {isa = PBXBuildFile; fileRef = B2B696DB22B94586002A78CE /* sky.png */; };
		B2B696EA22B94586002A78CE /* Pit_top_frontShape.png in Resources */ = {isa = PBXBuildFile; fileRef = B2B696DC22B94586002A78CE /* Pit_top_frontShape.png */; };
		B2B696EB22B94586002A78CE /* scene.dat in Resources */ = {isa = PBXBuildFile; fileRef = B2B696DD22B94586002A78CE /* scene.dat */; };
		B2B696EC22B94586002A78CE /* race_track.usda in Resources */ = {isa = PBXBuildFile; fileRef = B2B696DE22B94586002A78CE /* race_track.usda */; };
		B2B696ED22B94586002A78CE /* car3_car_MAT_BaseColor.png in Resources */ = {isa = PBXBuildFile; fileRef = B2B696DF22B94586002A78CE /* car3_car_MAT_BaseColor.png */; };
		B2B696EE22B94586002A78CE /* PitRoofShape.png in Resources */ = {isa = PBXBuildFile; fileRef = B2B696E022B94586002A78CE /* PitRoofShape.png */; };
		B2C7B31F22F0A45D005A7CC4 /* ModelIOTools.swift in Sources */ = {isa = PBXBuildFile; fileRef = B2C7B31E22F0A45D005A7CC4 /* ModelIOTools.swift */; };
/* End PBXBuildFile section */

/* Begin PBXFileReference section */
		B274E869225E3D3400F88A7E /* Plane.swift */ = {isa = PBXFileReference; lastKnownFileType = sourcecode.swift; path = Plane.swift; sourceTree = "<group>"; };
		B284C10422F18FA7001A122B /* Baker1.swift */ = {isa = PBXFileReference; fileEncoding = 4; lastKnownFileType = sourcecode.swift; path = Baker1.swift; sourceTree = "<group>"; };
		B284C10622F18FF6001A122B /* MeshData.swift */ = {isa = PBXFileReference; fileEncoding = 4; lastKnownFileType = sourcecode.swift; path = MeshData.swift; sourceTree = "<group>"; };
		B285298422FF2EEC004E2DE9 /* train-color.png */ = {isa = PBXFileReference; lastKnownFileType = image.png; path = "train-color.png"; sourceTree = "<group>"; };
		B2A10D8922DBA82300136D5B /* hw.usda */ = {isa = PBXFileReference; lastKnownFileType = asset.file.usd; path = hw.usda; sourceTree = "<group>"; };
		B2A10D8B22DBAAB200136D5B /* simpleMaterial.usdz */ = {isa = PBXFileReference; lastKnownFileType = file; path = simpleMaterial.usdz; sourceTree = "<group>"; };
		B2A6D08A22525260000FBB54 /* HitTestMetal.app */ = {isa = PBXFileReference; explicitFileType = wrapper.application; includeInIndex = 0; path = HitTestMetal.app; sourceTree = BUILT_PRODUCTS_DIR; };
		B2A6D08D22525260000FBB54 /* AppDelegate.swift */ = {isa = PBXFileReference; lastKnownFileType = sourcecode.swift; path = AppDelegate.swift; sourceTree = "<group>"; };
		B2A6D08F22525260000FBB54 /* ShaderTypes.h */ = {isa = PBXFileReference; lastKnownFileType = sourcecode.c.h; path = ShaderTypes.h; sourceTree = "<group>"; };
		B2A6D09022525260000FBB54 /* Renderer.swift */ = {isa = PBXFileReference; lastKnownFileType = sourcecode.swift; path = Renderer.swift; sourceTree = "<group>"; };
		B2A6D09222525260000FBB54 /* ViewController.swift */ = {isa = PBXFileReference; lastKnownFileType = sourcecode.swift; path = ViewController.swift; sourceTree = "<group>"; };
		B2A6D09422525260000FBB54 /* Shaders.metal */ = {isa = PBXFileReference; lastKnownFileType = sourcecode.metal; path = Shaders.metal; sourceTree = "<group>"; };
		B2A6D09722525260000FBB54 /* Base */ = {isa = PBXFileReference; lastKnownFileType = file.storyboard; name = Base; path = Base.lproj/Main.storyboard; sourceTree = "<group>"; };
		B2A6D09922525260000FBB54 /* Assets.xcassets */ = {isa = PBXFileReference; lastKnownFileType = folder.assetcatalog; path = Assets.xcassets; sourceTree = "<group>"; };
		B2A6D09C22525260000FBB54 /* Base */ = {isa = PBXFileReference; lastKnownFileType = file.storyboard; name = Base; path = Base.lproj/LaunchScreen.storyboard; sourceTree = "<group>"; };
		B2A6D09E22525260000FBB54 /* Info.plist */ = {isa = PBXFileReference; lastKnownFileType = text.plist.xml; path = Info.plist; sourceTree = "<group>"; };
		B2A6D0A52252531C000FBB54 /* RendererExtension.swift */ = {isa = PBXFileReference; fileEncoding = 4; lastKnownFileType = sourcecode.swift; path = RendererExtension.swift; sourceTree = "<group>"; };
		B2A6D0A62252531C000FBB54 /* DebugLights.swift */ = {isa = PBXFileReference; fileEncoding = 4; lastKnownFileType = sourcecode.swift; path = DebugLights.swift; sourceTree = "<group>"; };
		B2A6D0A72252531C000FBB54 /* DebugLights.metal */ = {isa = PBXFileReference; fileEncoding = 4; lastKnownFileType = sourcecode.metal; path = DebugLights.metal; sourceTree = "<group>"; };
		B2A6D0A82252531C000FBB54 /* MathLibrary.swift */ = {isa = PBXFileReference; fileEncoding = 4; lastKnownFileType = sourcecode.swift; path = MathLibrary.swift; sourceTree = "<group>"; };
		B2A6D0AD22525352000FBB54 /* Primitive.swift */ = {isa = PBXFileReference; fileEncoding = 4; lastKnownFileType = sourcecode.swift; path = Primitive.swift; sourceTree = "<group>"; };
		B2A6D0AE22525353000FBB54 /* Camera.swift */ = {isa = PBXFileReference; fileEncoding = 4; lastKnownFileType = sourcecode.swift; path = Camera.swift; sourceTree = "<group>"; };
		B2A6D0B022525353000FBB54 /* Submesh.swift */ = {isa = PBXFileReference; fileEncoding = 4; lastKnownFileType = sourcecode.swift; path = Submesh.swift; sourceTree = "<group>"; };
		B2A6D0B122525353000FBB54 /* Model.swift */ = {isa = PBXFileReference; fileEncoding = 4; lastKnownFileType = sourcecode.swift; path = Model.swift; sourceTree = "<group>"; };
		B2A6D0B222525353000FBB54 /* Node.swift */ = {isa = PBXFileReference; fileEncoding = 4; lastKnownFileType = sourcecode.swift; path = Node.swift; sourceTree = "<group>"; };
		B2A6D0BA225253AA000FBB54 /* treefir.mtl */ = {isa = PBXFileReference; fileEncoding = 4; lastKnownFileType = text; path = treefir.mtl; sourceTree = "<group>"; };
		B2A6D0BB225253AA000FBB54 /* train.obj */ = {isa = PBXFileReference; fileEncoding = 4; lastKnownFileType = text; path = train.obj; sourceTree = "<group>"; };
		B2A6D0BC225253AA000FBB54 /* treefir.obj */ = {isa = PBXFileReference; fileEncoding = 4; lastKnownFileType = text; path = treefir.obj; sourceTree = "<group>"; };
		B2A6D0BD225253AA000FBB54 /* train.mtl */ = {isa = PBXFileReference; fileEncoding = 4; lastKnownFileType = text; path = train.mtl; sourceTree = "<group>"; };
		B2A6D0C222525486000FBB54 /* ViewControllerExtension.swift */ = {isa = PBXFileReference; fileEncoding = 4; lastKnownFileType = sourcecode.swift; path = ViewControllerExtension.swift; sourceTree = "<group>"; };
		B2A6D0C72252581C000FBB54 /* Ray.swift */ = {isa = PBXFileReference; fileEncoding = 4; lastKnownFileType = sourcecode.swift; path = Ray.swift; sourceTree = "<group>"; };
		B2A6D0C922525827000FBB54 /* HitResult.swift */ = {isa = PBXFileReference; fileEncoding = 4; lastKnownFileType = sourcecode.swift; path = HitResult.swift; sourceTree = "<group>"; };
		B2A6D0CB225321E0000FBB54 /* Scene.swift */ = {isa = PBXFileReference; fileEncoding = 4; lastKnownFileType = sourcecode.swift; path = Scene.swift; sourceTree = "<group>"; };
		B2A6D0CD225375B2000FBB54 /* BoundingSphere.swift */ = {isa = PBXFileReference; fileEncoding = 4; lastKnownFileType = sourcecode.swift; path = BoundingSphere.swift; sourceTree = "<group>"; };
		B2A6D0CF2253C606000FBB54 /* ModelIOExtensions.swift */ = {isa = PBXFileReference; fileEncoding = 4; lastKnownFileType = sourcecode.swift; path = ModelIOExtensions.swift; sourceTree = "<group>"; };
		B2A6D0D12254BC8A000FBB54 /* DebugBoundingSphere.swift */ = {isa = PBXFileReference; fileEncoding = 4; lastKnownFileType = sourcecode.swift; path = DebugBoundingSphere.swift; sourceTree = "<group>"; };
		B2A6D0D22254BC8A000FBB54 /* DebugBoundingBox.metal */ = {isa = PBXFileReference; fileEncoding = 4; lastKnownFileType = sourcecode.metal; path = DebugBoundingBox.metal; sourceTree = "<group>"; };
		B2B696CC22B6C5E4002A78CE /* flower_tulip.usdz */ = {isa = PBXFileReference; lastKnownFileType = file; path = flower_tulip.usdz; sourceTree = "<group>"; };
		B2B696D022B92717002A78CE /* Character.swift */ = {isa = PBXFileReference; lastKnownFileType = sourcecode.swift; path = Character.swift; sourceTree = "<group>"; };
		B2B696D322B94586002A78CE /* car3_car_MAT_Roughness.png */ = {isa = PBXFileReference; lastKnownFileType = image.png; path = car3_car_MAT_Roughness.png; sourceTree = "<group>"; };
		B2B696D422B94586002A78CE /* toy_drummer.usdz */ = {isa = PBXFileReference; lastKnownFileType = file; path = toy_drummer.usdz; sourceTree = "<group>"; };
		B2B696D522B94586002A78CE /* road.png */ = {isa = PBXFileReference; lastKnownFileType = image.png; path = road.png; sourceTree = "<group>"; };
		B2B696D622B94586002A78CE /* car3_car_MAT_Normal.png */ = {isa = PBXFileReference; lastKnownFileType = image.png; path = car3_car_MAT_Normal.png; sourceTree = "<group>"; };
		B2B696D722B94586002A78CE /* car3_car_MAT_Metallic.png */ = {isa = PBXFileReference; lastKnownFileType = image.png; path = car3_car_MAT_Metallic.png; sourceTree = "<group>"; };
		B2B696D822B94586002A78CE /* tireWall_redShape.png */ = {isa = PBXFileReference; lastKnownFileType = image.png; path = tireWall_redShape.png; sourceTree = "<group>"; };
		B2B696D922B94586002A78CE /* Pit_bottomShape.png */ = {isa = PBXFileReference; lastKnownFileType = image.png; path = Pit_bottomShape.png; sourceTree = "<group>"; };
		B2B696DA22B94586002A78CE /* grass.png */ = {isa = PBXFileReference; lastKnownFileType = image.png; path = grass.png; sourceTree = "<group>"; };
		B2B696DB22B94586002A78CE /* sky.png */ = {isa = PBXFileReference; lastKnownFileType = image.png; path = sky.png; sourceTree = "<group>"; };
		B2B696DC22B94586002A78CE /* Pit_top_frontShape.png */ = {isa = PBXFileReference; lastKnownFileType = image.png; path = Pit_top_frontShape.png; sourceTree = "<group>"; };
		B2B696DD22B94586002A78CE /* scene.dat */ = {isa = PBXFileReference; lastKnownFileType = file.bplist; path = scene.dat; sourceTree = "<group>"; };
		B2B696DE22B94586002A78CE /* race_track.usda */ = {isa = PBXFileReference; lastKnownFileType = asset.file.usd; path = race_track.usda; sourceTree = "<group>"; };
		B2B696DF22B94586002A78CE /* car3_car_MAT_BaseColor.png */ = {isa = PBXFileReference; lastKnownFileType = image.png; path = car3_car_MAT_BaseColor.png; sourceTree = "<group>"; };
		B2B696E022B94586002A78CE /* PitRoofShape.png */ = {isa = PBXFileReference; lastKnownFileType = image.png; path = PitRoofShape.png; sourceTree = "<group>"; };
		B2C7B31E22F0A45D005A7CC4 /* ModelIOTools.swift */ = {isa = PBXFileReference; fileEncoding = 4; lastKnownFileType = sourcecode.swift; path = ModelIOTools.swift; sourceTree = "<group>"; };
/* End PBXFileReference section */

/* Begin PBXFrameworksBuildPhase section */
		B2A6D08722525260000FBB54 /* Frameworks */ = {
			isa = PBXFrameworksBuildPhase;
			buildActionMask = 2147483647;
			files = (
			);
			runOnlyForDeploymentPostprocessing = 0;
		};
/* End PBXFrameworksBuildPhase section */

/* Begin PBXGroup section */
		B285298322FB2167004E2DE9 /* Metal */ = {
			isa = PBXGroup;
			children = (
				B2A6D09422525260000FBB54 /* Shaders.metal */,
				B2A6D08F22525260000FBB54 /* ShaderTypes.h */,
			);
			name = Metal;
			sourceTree = "<group>";
		};
		B285298622FF3117004E2DE9 /* Renderer */ = {
			isa = PBXGroup;
			children = (
				B2A6D0B222525353000FBB54 /* Node.swift */,
				B2A6D0B122525353000FBB54 /* Model.swift */,
				B2A6D0B022525353000FBB54 /* Submesh.swift */,
				B2A6D09022525260000FBB54 /* Renderer.swift */,
				B2B696D022B92717002A78CE /* Character.swift */,
				B2A6D0AD22525352000FBB54 /* Primitive.swift */,
			);
			path = Renderer;
			sourceTree = "<group>";
		};
		B2A6D08122525260000FBB54 = {
			isa = PBXGroup;
			children = (
				B2A6D08C22525260000FBB54 /* HitTestMetal */,
				B2A6D08B22525260000FBB54 /* Products */,
			);
			sourceTree = "<group>";
		};
		B2A6D08B22525260000FBB54 /* Products */ = {
			isa = PBXGroup;
			children = (
				B2A6D08A22525260000FBB54 /* HitTestMetal.app */,
			);
			name = Products;
			sourceTree = "<group>";
		};
		B2A6D08C22525260000FBB54 /* HitTestMetal */ = {
			isa = PBXGroup;
			children = (
				B2A6D0CD225375B2000FBB54 /* BoundingSphere.swift */,
				B2A6D0C72252581C000FBB54 /* Ray.swift */,
				B2A6D0C922525827000FBB54 /* HitResult.swift */,
				B2A6D08D22525260000FBB54 /* AppDelegate.swift */,
				B285298622FF3117004E2DE9 /* Renderer */,
				B2A6D09222525260000FBB54 /* ViewController.swift */,
				B2A6D0C222525486000FBB54 /* ViewControllerExtension.swift */,
				B2A6D0CB225321E0000FBB54 /* Scene.swift */,
				B2A6D0CF2253C606000FBB54 /* ModelIOExtensions.swift */,
				B2A6D0AE22525353000FBB54 /* Camera.swift */,
				B2A6D09622525260000FBB54 /* Main.storyboard */,
				B2A6D09922525260000FBB54 /* Assets.xcassets */,
				B2A6D09B22525260000FBB54 /* LaunchScreen.storyboard */,
				B2A6D09E22525260000FBB54 /* Info.plist */,
				B285298322FB2167004E2DE9 /* Metal */,
				B2A6D0B9225253AA000FBB54 /* Models */,
				B2A6D0A42252531C000FBB54 /* Utility */,
			);
			path = HitTestMetal;
			sourceTree = "<group>";
		};
		B2A6D0A42252531C000FBB54 /* Utility */ = {
			isa = PBXGroup;
			children = (
				B284C10422F18FA7001A122B /* Baker1.swift */,
				B284C10622F18FF6001A122B /* MeshData.swift */,
				B2C7B31E22F0A45D005A7CC4 /* ModelIOTools.swift */,
				B274E869225E3D3400F88A7E /* Plane.swift */,
				B2A6D0D22254BC8A000FBB54 /* DebugBoundingBox.metal */,
				B2A6D0D12254BC8A000FBB54 /* DebugBoundingSphere.swift */,
				B2A6D0A52252531C000FBB54 /* RendererExtension.swift */,
				B2A6D0A62252531C000FBB54 /* DebugLights.swift */,
				B2A6D0A72252531C000FBB54 /* DebugLights.metal */,
				B2A6D0A82252531C000FBB54 /* MathLibrary.swift */,
			);
			path = Utility;
			sourceTree = "<group>";
		};
		B2A6D0B9225253AA000FBB54 /* Models */ = {
			isa = PBXGroup;
			children = (
				B2B696D222B94586002A78CE /* race_track */,
				B2B696CC22B6C5E4002A78CE /* flower_tulip.usdz */,
				B2A10D8922DBA82300136D5B /* hw.usda */,
				B2A10D8B22DBAAB200136D5B /* simpleMaterial.usdz */,
				B2A6D0BA225253AA000FBB54 /* treefir.mtl */,
				B2A6D0BB225253AA000FBB54 /* train.obj */,
				B2A6D0BC225253AA000FBB54 /* treefir.obj */,
				B285298422FF2EEC004E2DE9 /* train-color.png */,
				B2A6D0BD225253AA000FBB54 /* train.mtl */,
			);
			path = Models;
			sourceTree = "<group>";
		};
		B2B696D222B94586002A78CE /* race_track */ = {
			isa = PBXGroup;
			children = (
				B2B696D322B94586002A78CE /* car3_car_MAT_Roughness.png */,
				B2B696D422B94586002A78CE /* toy_drummer.usdz */,
				B2B696D522B94586002A78CE /* road.png */,
				B2B696D622B94586002A78CE /* car3_car_MAT_Normal.png */,
				B2B696D722B94586002A78CE /* car3_car_MAT_Metallic.png */,
				B2B696D822B94586002A78CE /* tireWall_redShape.png */,
				B2B696D922B94586002A78CE /* Pit_bottomShape.png */,
				B2B696DA22B94586002A78CE /* grass.png */,
				B2B696DB22B94586002A78CE /* sky.png */,
				B2B696DC22B94586002A78CE /* Pit_top_frontShape.png */,
				B2B696DD22B94586002A78CE /* scene.dat */,
				B2B696DE22B94586002A78CE /* race_track.usda */,
				B2B696DF22B94586002A78CE /* car3_car_MAT_BaseColor.png */,
				B2B696E022B94586002A78CE /* PitRoofShape.png */,
			);
			path = race_track;
			sourceTree = "<group>";
		};
/* End PBXGroup section */

/* Begin PBXNativeTarget section */
		B2A6D08922525260000FBB54 /* HitTestMetal */ = {
			isa = PBXNativeTarget;
			buildConfigurationList = B2A6D0A122525260000FBB54 /* Build configuration list for PBXNativeTarget "HitTestMetal" */;
			buildPhases = (
				B2A6D08622525260000FBB54 /* Sources */,
				B2A6D08722525260000FBB54 /* Frameworks */,
				B2A6D08822525260000FBB54 /* Resources */,
			);
			buildRules = (
			);
			dependencies = (
			);
			name = HitTestMetal;
			productName = HitTestMetal;
			productReference = B2A6D08A22525260000FBB54 /* HitTestMetal.app */;
			productType = "com.apple.product-type.application";
		};
/* End PBXNativeTarget section */

/* Begin PBXProject section */
		B2A6D08222525260000FBB54 /* Project object */ = {
			isa = PBXProject;
			attributes = {
				LastSwiftUpdateCheck = 1020;
				LastUpgradeCheck = 1020;
				ORGANIZATIONNAME = "Mohammad Jeragh";
				TargetAttributes = {
					B2A6D08922525260000FBB54 = {
						CreatedOnToolsVersion = 10.2;
					};
				};
			};
			buildConfigurationList = B2A6D08522525260000FBB54 /* Build configuration list for PBXProject "HitTestMetal" */;
			compatibilityVersion = "Xcode 9.3";
			developmentRegion = en;
			hasScannedForEncodings = 0;
			knownRegions = (
				en,
				Base,
			);
			mainGroup = B2A6D08122525260000FBB54;
			productRefGroup = B2A6D08B22525260000FBB54 /* Products */;
			projectDirPath = "";
			projectRoot = "";
			targets = (
				B2A6D08922525260000FBB54 /* HitTestMetal */,
			);
		};
/* End PBXProject section */

/* Begin PBXResourcesBuildPhase section */
		B2A6D08822525260000FBB54 /* Resources */ = {
			isa = PBXResourcesBuildPhase;
			buildActionMask = 2147483647;
			files = (
				B2A10D8C22DBAAB200136D5B /* simpleMaterial.usdz in Resources */,
				B2A10D8A22DBA82300136D5B /* hw.usda in Resources */,
				B2B696E222B94586002A78CE /* toy_drummer.usdz in Resources */,
				B2B696E422B94586002A78CE /* car3_car_MAT_Normal.png in Resources */,
				B2A6D09D22525260000FBB54 /* LaunchScreen.storyboard in Resources */,
				B2B696CD22B6C5E4002A78CE /* flower_tulip.usdz in Resources */,
				B2B696E622B94586002A78CE /* tireWall_redShape.png in Resources */,
				B2A6D0C1225253AA000FBB54 /* train.mtl in Resources */,
				B2B696E122B94586002A78CE /* car3_car_MAT_Roughness.png in Resources */,
				B2B696E322B94586002A78CE /* road.png in Resources */,
				B285298522FF2EEC004E2DE9 /* train-color.png in Resources */,
				B2B696E722B94586002A78CE /* Pit_bottomShape.png in Resources */,
				B2B696EC22B94586002A78CE /* race_track.usda in Resources */,
				B2B696E522B94586002A78CE /* car3_car_MAT_Metallic.png in Resources */,
				B2A6D0BF225253AA000FBB54 /* train.obj in Resources */,
				B2B696EA22B94586002A78CE /* Pit_top_frontShape.png in Resources */,
				B2A6D09A22525260000FBB54 /* Assets.xcassets in Resources */,
				B2B696EE22B94586002A78CE /* PitRoofShape.png in Resources */,
				B2B696E822B94586002A78CE /* grass.png in Resources */,
				B2B696EB22B94586002A78CE /* scene.dat in Resources */,
				B2A6D0C0225253AA000FBB54 /* treefir.obj in Resources */,
				B2B696E922B94586002A78CE /* sky.png in Resources */,
				B2A6D09822525260000FBB54 /* Main.storyboard in Resources */,
				B2A6D0BE225253AA000FBB54 /* treefir.mtl in Resources */,
				B2B696ED22B94586002A78CE /* car3_car_MAT_BaseColor.png in Resources */,
			);
			runOnlyForDeploymentPostprocessing = 0;
		};
/* End PBXResourcesBuildPhase section */

/* Begin PBXSourcesBuildPhase section */
		B2A6D08622525260000FBB54 /* Sources */ = {
			isa = PBXSourcesBuildPhase;
			buildActionMask = 2147483647;
			files = (
				B284C10722F18FF6001A122B /* MeshData.swift in Sources */,
				B2A6D09522525260000FBB54 /* Shaders.metal in Sources */,
				B2A6D09122525260000FBB54 /* Renderer.swift in Sources */,
				B2A6D09322525260000FBB54 /* ViewController.swift in Sources */,
				B2A6D0D32254BC8A000FBB54 /* DebugBoundingSphere.swift in Sources */,
				B2A6D0AC2252531C000FBB54 /* MathLibrary.swift in Sources */,
				B2A6D0B322525353000FBB54 /* Primitive.swift in Sources */,
				B2A6D0A92252531C000FBB54 /* RendererExtension.swift in Sources */,
				B2C7B31F22F0A45D005A7CC4 /* ModelIOTools.swift in Sources */,
				B2A6D0B722525353000FBB54 /* Model.swift in Sources */,
				B2A6D0D42254BC8A000FBB54 /* DebugBoundingBox.metal in Sources */,
				B274E86A225E3D3400F88A7E /* Plane.swift in Sources */,
				B2A6D0B422525353000FBB54 /* Camera.swift in Sources */,
				B2B696D122B92717002A78CE /* Character.swift in Sources */,
				B284C10522F18FA7001A122B /* Baker1.swift in Sources */,
				B2A6D0C322525486000FBB54 /* ViewControllerExtension.swift in Sources */,
				B2A6D0B622525353000FBB54 /* Submesh.swift in Sources */,
				B2A6D0CC225321E0000FBB54 /* Scene.swift in Sources */,
				B2A6D0AA2252531C000FBB54 /* DebugLights.swift in Sources */,
				B2A6D08E22525260000FBB54 /* AppDelegate.swift in Sources */,
				B2A6D0D02253C606000FBB54 /* ModelIOExtensions.swift in Sources */,
				B2A6D0AB2252531C000FBB54 /* DebugLights.metal in Sources */,
				B2A6D0B822525353000FBB54 /* Node.swift in Sources */,
				B2A6D0CA22525827000FBB54 /* HitResult.swift in Sources */,
				B2A6D0CE225375B2000FBB54 /* BoundingSphere.swift in Sources */,
				B2A6D0C82252581C000FBB54 /* Ray.swift in Sources */,
			);
			runOnlyForDeploymentPostprocessing = 0;
		};
/* End PBXSourcesBuildPhase section */

/* Begin PBXVariantGroup section */
		B2A6D09622525260000FBB54 /* Main.storyboard */ = {
			isa = PBXVariantGroup;
			children = (
				B2A6D09722525260000FBB54 /* Base */,
			);
			name = Main.storyboard;
			sourceTree = "<group>";
		};
		B2A6D09B22525260000FBB54 /* LaunchScreen.storyboard */ = {
			isa = PBXVariantGroup;
			children = (
				B2A6D09C22525260000FBB54 /* Base */,
			);
			name = LaunchScreen.storyboard;
			sourceTree = "<group>";
		};
/* End PBXVariantGroup section */

/* Begin XCBuildConfiguration section */
		B2A6D09F22525260000FBB54 /* Debug */ = {
			isa = XCBuildConfiguration;
			buildSettings = {
				ALWAYS_SEARCH_USER_PATHS = NO;
				CLANG_ANALYZER_NONNULL = YES;
				CLANG_ANALYZER_NUMBER_OBJECT_CONVERSION = YES_AGGRESSIVE;
				CLANG_CXX_LANGUAGE_STANDARD = "gnu++14";
				CLANG_CXX_LIBRARY = "libc++";
				CLANG_ENABLE_MODULES = YES;
				CLANG_ENABLE_OBJC_ARC = YES;
				CLANG_ENABLE_OBJC_WEAK = YES;
				CLANG_WARN_BLOCK_CAPTURE_AUTORELEASING = YES;
				CLANG_WARN_BOOL_CONVERSION = YES;
				CLANG_WARN_COMMA = YES;
				CLANG_WARN_CONSTANT_CONVERSION = YES;
				CLANG_WARN_DEPRECATED_OBJC_IMPLEMENTATIONS = YES;
				CLANG_WARN_DIRECT_OBJC_ISA_USAGE = YES_ERROR;
				CLANG_WARN_DOCUMENTATION_COMMENTS = YES;
				CLANG_WARN_EMPTY_BODY = YES;
				CLANG_WARN_ENUM_CONVERSION = YES;
				CLANG_WARN_INFINITE_RECURSION = YES;
				CLANG_WARN_INT_CONVERSION = YES;
				CLANG_WARN_NON_LITERAL_NULL_CONVERSION = YES;
				CLANG_WARN_OBJC_IMPLICIT_RETAIN_SELF = YES;
				CLANG_WARN_OBJC_LITERAL_CONVERSION = YES;
				CLANG_WARN_OBJC_ROOT_CLASS = YES_ERROR;
				CLANG_WARN_RANGE_LOOP_ANALYSIS = YES;
				CLANG_WARN_STRICT_PROTOTYPES = YES;
				CLANG_WARN_SUSPICIOUS_MOVE = YES;
				CLANG_WARN_UNGUARDED_AVAILABILITY = YES_AGGRESSIVE;
				CLANG_WARN_UNREACHABLE_CODE = YES;
				CLANG_WARN__DUPLICATE_METHOD_MATCH = YES;
				CODE_SIGN_IDENTITY = "iPhone Developer";
				COPY_PHASE_STRIP = NO;
				DEBUG_INFORMATION_FORMAT = dwarf;
				ENABLE_STRICT_OBJC_MSGSEND = YES;
				ENABLE_TESTABILITY = YES;
				GCC_C_LANGUAGE_STANDARD = gnu11;
				GCC_DYNAMIC_NO_PIC = NO;
				GCC_NO_COMMON_BLOCKS = YES;
				GCC_OPTIMIZATION_LEVEL = 0;
				GCC_PREPROCESSOR_DEFINITIONS = (
					"DEBUG=1",
					"$(inherited)",
				);
				GCC_WARN_64_TO_32_BIT_CONVERSION = YES;
				GCC_WARN_ABOUT_RETURN_TYPE = YES_ERROR;
				GCC_WARN_UNDECLARED_SELECTOR = YES;
				GCC_WARN_UNINITIALIZED_AUTOS = YES_AGGRESSIVE;
				GCC_WARN_UNUSED_FUNCTION = YES;
				GCC_WARN_UNUSED_VARIABLE = YES;
				IPHONEOS_DEPLOYMENT_TARGET = 12.2;
				MTL_ENABLE_DEBUG_INFO = INCLUDE_SOURCE;
				MTL_FAST_MATH = YES;
				ONLY_ACTIVE_ARCH = YES;
				SDKROOT = iphoneos;
				SWIFT_ACTIVE_COMPILATION_CONDITIONS = DEBUG;
				SWIFT_OPTIMIZATION_LEVEL = "-Onone";
			};
			name = Debug;
		};
		B2A6D0A022525260000FBB54 /* Release */ = {
			isa = XCBuildConfiguration;
			buildSettings = {
				ALWAYS_SEARCH_USER_PATHS = NO;
				CLANG_ANALYZER_NONNULL = YES;
				CLANG_ANALYZER_NUMBER_OBJECT_CONVERSION = YES_AGGRESSIVE;
				CLANG_CXX_LANGUAGE_STANDARD = "gnu++14";
				CLANG_CXX_LIBRARY = "libc++";
				CLANG_ENABLE_MODULES = YES;
				CLANG_ENABLE_OBJC_ARC = YES;
				CLANG_ENABLE_OBJC_WEAK = YES;
				CLANG_WARN_BLOCK_CAPTURE_AUTORELEASING = YES;
				CLANG_WARN_BOOL_CONVERSION = YES;
				CLANG_WARN_COMMA = YES;
				CLANG_WARN_CONSTANT_CONVERSION = YES;
				CLANG_WARN_DEPRECATED_OBJC_IMPLEMENTATIONS = YES;
				CLANG_WARN_DIRECT_OBJC_ISA_USAGE = YES_ERROR;
				CLANG_WARN_DOCUMENTATION_COMMENTS = YES;
				CLANG_WARN_EMPTY_BODY = YES;
				CLANG_WARN_ENUM_CONVERSION = YES;
				CLANG_WARN_INFINITE_RECURSION = YES;
				CLANG_WARN_INT_CONVERSION = YES;
				CLANG_WARN_NON_LITERAL_NULL_CONVERSION = YES;
				CLANG_WARN_OBJC_IMPLICIT_RETAIN_SELF = YES;
				CLANG_WARN_OBJC_LITERAL_CONVERSION = YES;
				CLANG_WARN_OBJC_ROOT_CLASS = YES_ERROR;
				CLANG_WARN_RANGE_LOOP_ANALYSIS = YES;
				CLANG_WARN_STRICT_PROTOTYPES = YES;
				CLANG_WARN_SUSPICIOUS_MOVE = YES;
				CLANG_WARN_UNGUARDED_AVAILABILITY = YES_AGGRESSIVE;
				CLANG_WARN_UNREACHABLE_CODE = YES;
				CLANG_WARN__DUPLICATE_METHOD_MATCH = YES;
				CODE_SIGN_IDENTITY = "iPhone Developer";
				COPY_PHASE_STRIP = NO;
				DEBUG_INFORMATION_FORMAT = "dwarf-with-dsym";
				ENABLE_NS_ASSERTIONS = NO;
				ENABLE_STRICT_OBJC_MSGSEND = YES;
				GCC_C_LANGUAGE_STANDARD = gnu11;
				GCC_NO_COMMON_BLOCKS = YES;
				GCC_WARN_64_TO_32_BIT_CONVERSION = YES;
				GCC_WARN_ABOUT_RETURN_TYPE = YES_ERROR;
				GCC_WARN_UNDECLARED_SELECTOR = YES;
				GCC_WARN_UNINITIALIZED_AUTOS = YES_AGGRESSIVE;
				GCC_WARN_UNUSED_FUNCTION = YES;
				GCC_WARN_UNUSED_VARIABLE = YES;
				IPHONEOS_DEPLOYMENT_TARGET = 12.2;
				MTL_ENABLE_DEBUG_INFO = NO;
				MTL_FAST_MATH = YES;
				SDKROOT = iphoneos;
				SWIFT_COMPILATION_MODE = wholemodule;
				SWIFT_OPTIMIZATION_LEVEL = "-O";
				VALIDATE_PRODUCT = YES;
			};
			name = Release;
		};
		B2A6D0A222525260000FBB54 /* Debug */ = {
			isa = XCBuildConfiguration;
			buildSettings = {
				ASSETCATALOG_COMPILER_APPICON_NAME = AppIcon;
				CODE_SIGN_STYLE = Automatic;
				DEVELOPMENT_TEAM = 74MFHC6MWM;
				INFOPLIST_FILE = HitTestMetal/Info.plist;
				LD_RUNPATH_SEARCH_PATHS = (
					"$(inherited)",
					"@executable_path/Frameworks",
				);
				PRODUCT_BUNDLE_IDENTIFIER = lantern.HitTestMetal;
				PRODUCT_NAME = "$(TARGET_NAME)";
				SWIFT_OBJC_BRIDGING_HEADER = HitTestMetal/ShaderTypes.h;
				SWIFT_VERSION = 5.0;
				TARGETED_DEVICE_FAMILY = "1,2";
			};
			name = Debug;
		};
		B2A6D0A322525260000FBB54 /* Release */ = {
			isa = XCBuildConfiguration;
			buildSettings = {
				ASSETCATALOG_COMPILER_APPICON_NAME = AppIcon;
				CODE_SIGN_STYLE = Automatic;
				DEVELOPMENT_TEAM = 74MFHC6MWM;
				INFOPLIST_FILE = HitTestMetal/Info.plist;
				LD_RUNPATH_SEARCH_PATHS = (
					"$(inherited)",
					"@executable_path/Frameworks",
				);
				PRODUCT_BUNDLE_IDENTIFIER = lantern.HitTestMetal;
				PRODUCT_NAME = "$(TARGET_NAME)";
				SWIFT_OBJC_BRIDGING_HEADER = HitTestMetal/ShaderTypes.h;
				SWIFT_VERSION = 5.0;
				TARGETED_DEVICE_FAMILY = "1,2";
			};
			name = Release;
		};
/* End XCBuildConfiguration section */

/* Begin XCConfigurationList section */
		B2A6D08522525260000FBB54 /* Build configuration list for PBXProject "HitTestMetal" */ = {
			isa = XCConfigurationList;
			buildConfigurations = (
				B2A6D09F22525260000FBB54 /* Debug */,
				B2A6D0A022525260000FBB54 /* Release */,
			);
			defaultConfigurationIsVisible = 0;
			defaultConfigurationName = Release;
		};
		B2A6D0A122525260000FBB54 /* Build configuration list for PBXNativeTarget "HitTestMetal" */ = {
			isa = XCConfigurationList;
			buildConfigurations = (
				B2A6D0A222525260000FBB54 /* Debug */,
				B2A6D0A322525260000FBB54 /* Release */,
			);
			defaultConfigurationIsVisible = 0;
			defaultConfigurationName = Release;
		};
/* End XCConfigurationList section */
	};
	rootObject = B2A6D08222525260000FBB54 /* Project object */;
}
